Microsoft Visual Studio Solution File, Format Version 12.00
# Visual Studio Version 17
VisualStudioVersion = 17.5.2.0
MinimumVisualStudioVersion = 10.0.40219.1
Project("{FAE04EC0-301F-11D3-BF4B-00C04F79EFBC}") = "WindowGopher", "WindowGopher.csproj", "{B4BD16F3-4E66-9053-C7EA-8BD4DD7B7056}"
EndProject
Global
	GlobalSection(SolutionConfigurationPlatforms) = preSolution
		Debug|Any CPU = Debug|Any CPU
		Release|Any CPU = Release|Any CPU
	EndGlobalSection
	GlobalSection(ProjectConfigurationPlatforms) = postSolution
		{B4BD16F3-4E66-9053-C7EA-8BD4DD7B7056}.Debug|Any CPU.ActiveCfg = Debug|Any CPU
		{B4BD16F3-4E66-9053-C7EA-8BD4DD7B7056}.Debug|Any CPU.Build.0 = Debug|Any CPU
		{B4BD16F3-4E66-9053-C7EA-8BD4DD7B7056}.Release|Any CPU.ActiveCfg = Release|Any CPU
		{B4BD16F3-4E66-9053-C7EA-8BD4DD7B7056}.Release|Any CPU.Build.0 = Release|Any CPU
	EndGlobalSection
	GlobalSection(SolutionProperties) = preSolution
		HideSolutionNode = FALSE
	EndGlobalSection
	GlobalSection(ExtensibilityGlobals) = postSolution
		SolutionGuid = {A635EBC6-AF91-4D25-B056-285F5A2CE899}
	EndGlobalSection
EndGlobal
